// !$*UTF8*$!
{
	archiveVersion = 1;
	classes = {
	};
	objectVersion = 46;
	objects = {

/* Begin PBXBuildFile section */
		075AA50E1A61A2360015B318 /* AppDelegate.swift in Sources */ = {isa = PBXBuildFile; fileRef = 075AA50D1A61A2360015B318 /* AppDelegate.swift */; };
		075AA5101A61A2360015B318 /* Images.xcassets in Resources */ = {isa = PBXBuildFile; fileRef = 075AA50F1A61A2360015B318 /* Images.xcassets */; };
		075AA5131A61A2360015B318 /* MainMenu.xib in Resources */ = {isa = PBXBuildFile; fileRef = 075AA5111A61A2360015B318 /* MainMenu.xib */; };
		075AA51F1A61A2360015B318 /* Cricket_ScoreboardTests.swift in Sources */ = {isa = PBXBuildFile; fileRef = 075AA51E1A61A2360015B318 /* Cricket_ScoreboardTests.swift */; };
		07A8CC1E267BA19300011225 /* ScoreAPI.swift in Sources */ = {isa = PBXBuildFile; fileRef = 07A8CC1D267BA19300011225 /* ScoreAPI.swift */; };
		07A8CC20267BA1C300011225 /* Match.swift in Sources */ = {isa = PBXBuildFile; fileRef = 07A8CC1F267BA1C300011225 /* Match.swift */; };
		07A8CC24267BA1F700011225 /* String+MinimumEditDistance.swift in Sources */ = {isa = PBXBuildFile; fileRef = 07A8CC21267BA1F700011225 /* String+MinimumEditDistance.swift */; };
		07A8CC25267BA1F700011225 /* String+Regex.swift in Sources */ = {isa = PBXBuildFile; fileRef = 07A8CC22267BA1F700011225 /* String+Regex.swift */; };
		07A8CC26267BA1F700011225 /* NSRegularExpression+match.swift in Sources */ = {isa = PBXBuildFile; fileRef = 07A8CC23267BA1F700011225 /* NSRegularExpression+match.swift */; };
/* End PBXBuildFile section */

/* Begin PBXContainerItemProxy section */
		075AA5191A61A2360015B318 /* PBXContainerItemProxy */ = {
			isa = PBXContainerItemProxy;
			containerPortal = 075AA5001A61A2360015B318 /* Project object */;
			proxyType = 1;
			remoteGlobalIDString = 075AA5071A61A2360015B318;
			remoteInfo = "Cricket Scoreboard";
		};
/* End PBXContainerItemProxy section */

/* Begin PBXFileReference section */
		075AA5081A61A2360015B318 /* Cricket Scoreboard.app */ = {isa = PBXFileReference; explicitFileType = wrapper.application; includeInIndex = 0; path = "Cricket Scoreboard.app"; sourceTree = BUILT_PRODUCTS_DIR; };
		075AA50C1A61A2360015B318 /* Info.plist */ = {isa = PBXFileReference; lastKnownFileType = text.plist.xml; path = Info.plist; sourceTree = "<group>"; };
		075AA50D1A61A2360015B318 /* AppDelegate.swift */ = {isa = PBXFileReference; lastKnownFileType = sourcecode.swift; path = AppDelegate.swift; sourceTree = "<group>"; };
		075AA50F1A61A2360015B318 /* Images.xcassets */ = {isa = PBXFileReference; lastKnownFileType = folder.assetcatalog; path = Images.xcassets; sourceTree = "<group>"; };
		075AA5121A61A2360015B318 /* Base */ = {isa = PBXFileReference; lastKnownFileType = file.xib; name = Base; path = Base.lproj/MainMenu.xib; sourceTree = "<group>"; };
		075AA5181A61A2360015B318 /* Cricket ScoreboardTests.xctest */ = {isa = PBXFileReference; explicitFileType = wrapper.cfbundle; includeInIndex = 0; path = "Cricket ScoreboardTests.xctest"; sourceTree = BUILT_PRODUCTS_DIR; };
		075AA51D1A61A2360015B318 /* Info.plist */ = {isa = PBXFileReference; lastKnownFileType = text.plist.xml; path = Info.plist; sourceTree = "<group>"; };
		075AA51E1A61A2360015B318 /* Cricket_ScoreboardTests.swift */ = {isa = PBXFileReference; lastKnownFileType = sourcecode.swift; path = Cricket_ScoreboardTests.swift; sourceTree = "<group>"; };
		07A8CC1D267BA19300011225 /* ScoreAPI.swift */ = {isa = PBXFileReference; lastKnownFileType = sourcecode.swift; path = ScoreAPI.swift; sourceTree = "<group>"; };
		07A8CC1F267BA1C300011225 /* Match.swift */ = {isa = PBXFileReference; lastKnownFileType = sourcecode.swift; path = Match.swift; sourceTree = "<group>"; };
		07A8CC21267BA1F700011225 /* String+MinimumEditDistance.swift */ = {isa = PBXFileReference; fileEncoding = 4; lastKnownFileType = sourcecode.swift; path = "String+MinimumEditDistance.swift"; sourceTree = "<group>"; };
		07A8CC22267BA1F700011225 /* String+Regex.swift */ = {isa = PBXFileReference; fileEncoding = 4; lastKnownFileType = sourcecode.swift; path = "String+Regex.swift"; sourceTree = "<group>"; };
		07A8CC23267BA1F700011225 /* NSRegularExpression+match.swift */ = {isa = PBXFileReference; fileEncoding = 4; lastKnownFileType = sourcecode.swift; path = "NSRegularExpression+match.swift"; sourceTree = "<group>"; };
/* End PBXFileReference section */

/* Begin PBXFrameworksBuildPhase section */
		075AA5051A61A2360015B318 /* Frameworks */ = {
			isa = PBXFrameworksBuildPhase;
			buildActionMask = 2147483647;
			files = (
			);
			runOnlyForDeploymentPostprocessing = 0;
		};
		075AA5151A61A2360015B318 /* Frameworks */ = {
			isa = PBXFrameworksBuildPhase;
			buildActionMask = 2147483647;
			files = (
			);
			runOnlyForDeploymentPostprocessing = 0;
		};
/* End PBXFrameworksBuildPhase section */

/* Begin PBXGroup section */
		075AA4FF1A61A2360015B318 = {
			isa = PBXGroup;
			children = (
				075AA50A1A61A2360015B318 /* Cricket Scoreboard */,
				075AA51B1A61A2360015B318 /* Cricket ScoreboardTests */,
				075AA5091A61A2360015B318 /* Products */,
			);
			sourceTree = "<group>";
		};
		075AA5091A61A2360015B318 /* Products */ = {
			isa = PBXGroup;
			children = (
				075AA5081A61A2360015B318 /* Cricket Scoreboard.app */,
				075AA5181A61A2360015B318 /* Cricket ScoreboardTests.xctest */,
			);
			name = Products;
			sourceTree = "<group>";
		};
		075AA50A1A61A2360015B318 /* Cricket Scoreboard */ = {
			isa = PBXGroup;
			children = (
				07A8CC23267BA1F700011225 /* NSRegularExpression+match.swift */,
				07A8CC21267BA1F700011225 /* String+MinimumEditDistance.swift */,
				07A8CC22267BA1F700011225 /* String+Regex.swift */,
				20B60F6F2679BF35006A33F0 /* Model */,
				075AA50D1A61A2360015B318 /* AppDelegate.swift */,
				075AA50F1A61A2360015B318 /* Images.xcassets */,
				075AA5111A61A2360015B318 /* MainMenu.xib */,
				075AA50B1A61A2360015B318 /* Supporting Files */,
				07A8CC1D267BA19300011225 /* ScoreAPI.swift */,
			);
			path = "Cricket Scoreboard";
			sourceTree = "<group>";
		};
		075AA50B1A61A2360015B318 /* Supporting Files */ = {
			isa = PBXGroup;
			children = (
				075AA50C1A61A2360015B318 /* Info.plist */,
			);
			name = "Supporting Files";
			sourceTree = "<group>";
		};
		075AA51B1A61A2360015B318 /* Cricket ScoreboardTests */ = {
			isa = PBXGroup;
			children = (
				075AA51E1A61A2360015B318 /* Cricket_ScoreboardTests.swift */,
				075AA51C1A61A2360015B318 /* Supporting Files */,
			);
			path = "Cricket ScoreboardTests";
			sourceTree = "<group>";
		};
		075AA51C1A61A2360015B318 /* Supporting Files */ = {
			isa = PBXGroup;
			children = (
				075AA51D1A61A2360015B318 /* Info.plist */,
			);
			name = "Supporting Files";
			sourceTree = "<group>";
		};
		20B60F6F2679BF35006A33F0 /* Model */ = {
			isa = PBXGroup;
			children = (
				07A8CC1F267BA1C300011225 /* Match.swift */,
			);
			name = Model;
			sourceTree = "<group>";
		};
/* End PBXGroup section */

/* Begin PBXNativeTarget section */
		075AA5071A61A2360015B318 /* Cricket Scoreboard */ = {
			isa = PBXNativeTarget;
			buildConfigurationList = 075AA5221A61A2360015B318 /* Build configuration list for PBXNativeTarget "Cricket Scoreboard" */;
			buildPhases = (
				075AA5041A61A2360015B318 /* Sources */,
				075AA5051A61A2360015B318 /* Frameworks */,
				075AA5061A61A2360015B318 /* Resources */,
			);
			buildRules = (
			);
			dependencies = (
			);
			name = "Cricket Scoreboard";
			productName = "Cricket Scoreboard";
			productReference = 075AA5081A61A2360015B318 /* Cricket Scoreboard.app */;
			productType = "com.apple.product-type.application";
		};
		075AA5171A61A2360015B318 /* Cricket ScoreboardTests */ = {
			isa = PBXNativeTarget;
			buildConfigurationList = 075AA5251A61A2360015B318 /* Build configuration list for PBXNativeTarget "Cricket ScoreboardTests" */;
			buildPhases = (
				075AA5141A61A2360015B318 /* Sources */,
				075AA5151A61A2360015B318 /* Frameworks */,
				075AA5161A61A2360015B318 /* Resources */,
			);
			buildRules = (
			);
			dependencies = (
				075AA51A1A61A2360015B318 /* PBXTargetDependency */,
			);
			name = "Cricket ScoreboardTests";
			productName = "Cricket ScoreboardTests";
			productReference = 075AA5181A61A2360015B318 /* Cricket ScoreboardTests.xctest */;
			productType = "com.apple.product-type.bundle.unit-test";
		};
/* End PBXNativeTarget section */

/* Begin PBXProject section */
		075AA5001A61A2360015B318 /* Project object */ = {
			isa = PBXProject;
			attributes = {
				LastSwiftMigration = 0710;
				LastSwiftUpdateCheck = 0710;
				LastUpgradeCheck = 1300;
				ORGANIZATIONNAME = "Varun Oberoi";
				TargetAttributes = {
					075AA5071A61A2360015B318 = {
						CreatedOnToolsVersion = 6.1.1;
						DevelopmentTeam = 89X9RLE56U;
					};
					075AA5171A61A2360015B318 = {
						CreatedOnToolsVersion = 6.1.1;
						TestTargetID = 075AA5071A61A2360015B318;
					};
				};
			};
			buildConfigurationList = 075AA5031A61A2360015B318 /* Build configuration list for PBXProject "Cricket Scoreboard" */;
			compatibilityVersion = "Xcode 3.2";
			developmentRegion = en;
			hasScannedForEncodings = 0;
			knownRegions = (
				en,
				Base,
			);
			mainGroup = 075AA4FF1A61A2360015B318;
			productRefGroup = 075AA5091A61A2360015B318 /* Products */;
			projectDirPath = "";
			projectRoot = "";
			targets = (
				075AA5071A61A2360015B318 /* Cricket Scoreboard */,
				075AA5171A61A2360015B318 /* Cricket ScoreboardTests */,
			);
		};
/* End PBXProject section */

/* Begin PBXResourcesBuildPhase section */
		075AA5061A61A2360015B318 /* Resources */ = {
			isa = PBXResourcesBuildPhase;
			buildActionMask = 2147483647;
			files = (
				075AA5101A61A2360015B318 /* Images.xcassets in Resources */,
				075AA5131A61A2360015B318 /* MainMenu.xib in Resources */,
			);
			runOnlyForDeploymentPostprocessing = 0;
		};
		075AA5161A61A2360015B318 /* Resources */ = {
			isa = PBXResourcesBuildPhase;
			buildActionMask = 2147483647;
			files = (
			);
			runOnlyForDeploymentPostprocessing = 0;
		};
/* End PBXResourcesBuildPhase section */

/* Begin PBXSourcesBuildPhase section */
		075AA5041A61A2360015B318 /* Sources */ = {
			isa = PBXSourcesBuildPhase;
			buildActionMask = 2147483647;
			files = (
				07A8CC1E267BA19300011225 /* ScoreAPI.swift in Sources */,
				075AA50E1A61A2360015B318 /* AppDelegate.swift in Sources */,
				07A8CC26267BA1F700011225 /* NSRegularExpression+match.swift in Sources */,
				07A8CC20267BA1C300011225 /* Match.swift in Sources */,
				07A8CC25267BA1F700011225 /* String+Regex.swift in Sources */,
				07A8CC24267BA1F700011225 /* String+MinimumEditDistance.swift in Sources */,
			);
			runOnlyForDeploymentPostprocessing = 0;
		};
		075AA5141A61A2360015B318 /* Sources */ = {
			isa = PBXSourcesBuildPhase;
			buildActionMask = 2147483647;
			files = (
				075AA51F1A61A2360015B318 /* Cricket_ScoreboardTests.swift in Sources */,
			);
			runOnlyForDeploymentPostprocessing = 0;
		};
/* End PBXSourcesBuildPhase section */

/* Begin PBXTargetDependency section */
		075AA51A1A61A2360015B318 /* PBXTargetDependency */ = {
			isa = PBXTargetDependency;
			target = 075AA5071A61A2360015B318 /* Cricket Scoreboard */;
			targetProxy = 075AA5191A61A2360015B318 /* PBXContainerItemProxy */;
		};
/* End PBXTargetDependency section */

/* Begin PBXVariantGroup section */
		075AA5111A61A2360015B318 /* MainMenu.xib */ = {
			isa = PBXVariantGroup;
			children = (
				075AA5121A61A2360015B318 /* Base */,
			);
			name = MainMenu.xib;
			sourceTree = "<group>";
		};
/* End PBXVariantGroup section */

/* Begin XCBuildConfiguration section */
		075AA5201A61A2360015B318 /* Debug */ = {
			isa = XCBuildConfiguration;
			buildSettings = {
				ALWAYS_SEARCH_USER_PATHS = NO;
				CLANG_ANALYZER_LOCALIZABILITY_NONLOCALIZED = YES;
				CLANG_CXX_LANGUAGE_STANDARD = "gnu++0x";
				CLANG_CXX_LIBRARY = "libc++";
				CLANG_ENABLE_MODULES = YES;
				CLANG_ENABLE_OBJC_ARC = YES;
				CLANG_WARN_BLOCK_CAPTURE_AUTORELEASING = YES;
				CLANG_WARN_BOOL_CONVERSION = YES;
				CLANG_WARN_COMMA = YES;
				CLANG_WARN_CONSTANT_CONVERSION = YES;
				CLANG_WARN_DEPRECATED_OBJC_IMPLEMENTATIONS = YES;
				CLANG_WARN_DIRECT_OBJC_ISA_USAGE = YES_ERROR;
				CLANG_WARN_EMPTY_BODY = YES;
				CLANG_WARN_ENUM_CONVERSION = YES;
				CLANG_WARN_INFINITE_RECURSION = YES;
				CLANG_WARN_INT_CONVERSION = YES;
				CLANG_WARN_NON_LITERAL_NULL_CONVERSION = YES;
				CLANG_WARN_OBJC_IMPLICIT_RETAIN_SELF = YES;
				CLANG_WARN_OBJC_LITERAL_CONVERSION = YES;
				CLANG_WARN_OBJC_ROOT_CLASS = YES_ERROR;
				CLANG_WARN_QUOTED_INCLUDE_IN_FRAMEWORK_HEADER = YES;
				CLANG_WARN_RANGE_LOOP_ANALYSIS = YES;
				CLANG_WARN_STRICT_PROTOTYPES = YES;
				CLANG_WARN_SUSPICIOUS_MOVE = YES;
				CLANG_WARN_UNREACHABLE_CODE = YES;
				CLANG_WARN__DUPLICATE_METHOD_MATCH = YES;
				CODE_SIGN_IDENTITY = "-";
				COPY_PHASE_STRIP = NO;
				ENABLE_STRICT_OBJC_MSGSEND = YES;
				ENABLE_TESTABILITY = YES;
				GCC_C_LANGUAGE_STANDARD = gnu99;
				GCC_DYNAMIC_NO_PIC = NO;
				GCC_NO_COMMON_BLOCKS = YES;
				GCC_OPTIMIZATION_LEVEL = 0;
				GCC_PREPROCESSOR_DEFINITIONS = (
					"DEBUG=1",
					"$(inherited)",
				);
				GCC_SYMBOLS_PRIVATE_EXTERN = NO;
				GCC_WARN_64_TO_32_BIT_CONVERSION = YES;
				GCC_WARN_ABOUT_RETURN_TYPE = YES_ERROR;
				GCC_WARN_UNDECLARED_SELECTOR = YES;
				GCC_WARN_UNINITIALIZED_AUTOS = YES_AGGRESSIVE;
				GCC_WARN_UNUSED_FUNCTION = YES;
				GCC_WARN_UNUSED_VARIABLE = YES;
				MACOSX_DEPLOYMENT_TARGET = 11.3;
				MTL_ENABLE_DEBUG_INFO = YES;
				ONLY_ACTIVE_ARCH = NO;
				SDKROOT = macosx;
				SWIFT_OPTIMIZATION_LEVEL = "-Onone";
				SWIFT_SWIFT3_OBJC_INFERENCE = Default;
				SWIFT_VERSION = 5.0;
			};
			name = Debug;
		};
		075AA5211A61A2360015B318 /* Release */ = {
			isa = XCBuildConfiguration;
			buildSettings = {
				ALWAYS_SEARCH_USER_PATHS = NO;
				CLANG_ANALYZER_LOCALIZABILITY_NONLOCALIZED = YES;
				CLANG_CXX_LANGUAGE_STANDARD = "gnu++0x";
				CLANG_CXX_LIBRARY = "libc++";
				CLANG_ENABLE_MODULES = YES;
				CLANG_ENABLE_OBJC_ARC = YES;
				CLANG_WARN_BLOCK_CAPTURE_AUTORELEASING = YES;
				CLANG_WARN_BOOL_CONVERSION = YES;
				CLANG_WARN_COMMA = YES;
				CLANG_WARN_CONSTANT_CONVERSION = YES;
				CLANG_WARN_DEPRECATED_OBJC_IMPLEMENTATIONS = YES;
				CLANG_WARN_DIRECT_OBJC_ISA_USAGE = YES_ERROR;
				CLANG_WARN_EMPTY_BODY = YES;
				CLANG_WARN_ENUM_CONVERSION = YES;
				CLANG_WARN_INFINITE_RECURSION = YES;
				CLANG_WARN_INT_CONVERSION = YES;
				CLANG_WARN_NON_LITERAL_NULL_CONVERSION = YES;
				CLANG_WARN_OBJC_IMPLICIT_RETAIN_SELF = YES;
				CLANG_WARN_OBJC_LITERAL_CONVERSION = YES;
				CLANG_WARN_OBJC_ROOT_CLASS = YES_ERROR;
				CLANG_WARN_QUOTED_INCLUDE_IN_FRAMEWORK_HEADER = YES;
				CLANG_WARN_RANGE_LOOP_ANALYSIS = YES;
				CLANG_WARN_STRICT_PROTOTYPES = YES;
				CLANG_WARN_SUSPICIOUS_MOVE = YES;
				CLANG_WARN_UNREACHABLE_CODE = YES;
				CLANG_WARN__DUPLICATE_METHOD_MATCH = YES;
				CODE_SIGN_IDENTITY = "-";
				COPY_PHASE_STRIP = YES;
				DEBUG_INFORMATION_FORMAT = "dwarf-with-dsym";
				ENABLE_NS_ASSERTIONS = NO;
				ENABLE_STRICT_OBJC_MSGSEND = YES;
				GCC_C_LANGUAGE_STANDARD = gnu99;
				GCC_NO_COMMON_BLOCKS = YES;
				GCC_WARN_64_TO_32_BIT_CONVERSION = YES;
				GCC_WARN_ABOUT_RETURN_TYPE = YES_ERROR;
				GCC_WARN_UNDECLARED_SELECTOR = YES;
				GCC_WARN_UNINITIALIZED_AUTOS = YES_AGGRESSIVE;
				GCC_WARN_UNUSED_FUNCTION = YES;
				GCC_WARN_UNUSED_VARIABLE = YES;
				MACOSX_DEPLOYMENT_TARGET = 11.3;
				MTL_ENABLE_DEBUG_INFO = NO;
				ONLY_ACTIVE_ARCH = NO;
				SDKROOT = macosx;
				SWIFT_OPTIMIZATION_LEVEL = "-Owholemodule";
				SWIFT_SWIFT3_OBJC_INFERENCE = Default;
				SWIFT_VERSION = 5.0;
			};
			name = Release;
		};
		075AA5231A61A2360015B318 /* Debug */ = {
			isa = XCBuildConfiguration;
			buildSettings = {
				ASSETCATALOG_COMPILER_APPICON_NAME = AppIcon;
				CODE_SIGN_IDENTITY = "-";
				COMBINE_HIDPI_IMAGES = YES;
				CURRENT_PROJECT_VERSION = 6;
				DEVELOPMENT_TEAM = 89X9RLE56U;
				INFOPLIST_FILE = "Cricket Scoreboard/Info.plist";
				LD_RUNPATH_SEARCH_PATHS = "$(inherited) @executable_path/../Frameworks";
				MACOSX_DEPLOYMENT_TARGET = 11.3;
				MARKETING_VERSION = 2.0;
				PRODUCT_BUNDLE_IDENTIFIER = com.rubird.howzatt;
				PRODUCT_NAME = "Cricket Scoreboard";
			};
			name = Debug;
		};
		075AA5241A61A2360015B318 /* Release */ = {
			isa = XCBuildConfiguration;
			buildSettings = {
				ASSETCATALOG_COMPILER_APPICON_NAME = AppIcon;
				CODE_SIGN_IDENTITY = "-";
				COMBINE_HIDPI_IMAGES = YES;
				CURRENT_PROJECT_VERSION = 6;
				DEVELOPMENT_TEAM = 89X9RLE56U;
				INFOPLIST_FILE = "Cricket Scoreboard/Info.plist";
				LD_RUNPATH_SEARCH_PATHS = "$(inherited) @executable_path/../Frameworks";
				MACOSX_DEPLOYMENT_TARGET = 11.3;
				MARKETING_VERSION = 2.0;
				PRODUCT_BUNDLE_IDENTIFIER = com.rubird.howzatt;
				PRODUCT_NAME = "Cricket Scoreboard";
			};
			name = Release;
		};
		075AA5261A61A2360015B318 /* Debug */ = {
			isa = XCBuildConfiguration;
			buildSettings = {
				BUNDLE_LOADER = "$(TEST_HOST)";
				COMBINE_HIDPI_IMAGES = YES;
				FRAMEWORK_SEARCH_PATHS = (
					"$(DEVELOPER_FRAMEWORKS_DIR)",
					"$(inherited)",
				);
				GCC_PREPROCESSOR_DEFINITIONS = (
					"DEBUG=1",
					"$(inherited)",
				);
				INFOPLIST_FILE = "Cricket ScoreboardTests/Info.plist";
				LD_RUNPATH_SEARCH_PATHS = "$(inherited) @executable_path/../Frameworks @loader_path/../Frameworks";
				PRODUCT_BUNDLE_IDENTIFIER = "com.rubird.$(PRODUCT_NAME:rfc1034identifier)";
				PRODUCT_NAME = "Cricket ScoreboardTests";
				TEST_HOST = "$(BUILT_PRODUCTS_DIR)/Cricket Scoreboard.app/Contents/MacOS/Cricket Scoreboard";
			};
			name = Debug;
		};
		075AA5271A61A2360015B318 /* Release */ = {
			isa = XCBuildConfiguration;
			buildSettings = {
				BUNDLE_LOADER = "$(TEST_HOST)";
				COMBINE_HIDPI_IMAGES = YES;
				FRAMEWORK_SEARCH_PATHS = (
					"$(DEVELOPER_FRAMEWORKS_DIR)",
					"$(inherited)",
				);
				INFOPLIST_FILE = "Cricket ScoreboardTests/Info.plist";
				LD_RUNPATH_SEARCH_PATHS = "$(inherited) @executable_path/../Frameworks @loader_path/../Frameworks";
				PRODUCT_BUNDLE_IDENTIFIER = "com.rubird.$(PRODUCT_NAME:rfc1034identifier)";
				PRODUCT_NAME = "Cricket ScoreboardTests";
				TEST_HOST = "$(BUILT_PRODUCTS_DIR)/Cricket Scoreboard.app/Contents/MacOS/Cricket Scoreboard";
			};
			name = Release;
		};
/* End XCBuildConfiguration section */

/* Begin XCConfigurationList section */
		075AA5031A61A2360015B318 /* Build configuration list for PBXProject "Cricket Scoreboard" */ = {
			isa = XCConfigurationList;
			buildConfigurations = (
				075AA5201A61A2360015B318 /* Debug */,
				075AA5211A61A2360015B318 /* Release */,
			);
			defaultConfigurationIsVisible = 0;
			defaultConfigurationName = Release;
		};
		075AA5221A61A2360015B318 /* Build configuration list for PBXNativeTarget "Cricket Scoreboard" */ = {
			isa = XCConfigurationList;
			buildConfigurations = (
				075AA5231A61A2360015B318 /* Debug */,
				075AA5241A61A2360015B318 /* Release */,
			);
			defaultConfigurationIsVisible = 0;
			defaultConfigurationName = Release;
		};
		075AA5251A61A2360015B318 /* Build configuration list for PBXNativeTarget "Cricket ScoreboardTests" */ = {
			isa = XCConfigurationList;
			buildConfigurations = (
				075AA5261A61A2360015B318 /* Debug */,
				075AA5271A61A2360015B318 /* Release */,
			);
			defaultConfigurationIsVisible = 0;
			defaultConfigurationName = Release;
		};
/* End XCConfigurationList section */
	};
	rootObject = 075AA5001A61A2360015B318 /* Project object */;
}
